// !$*UTF8*$!
{
	archiveVersion = 1;
	classes = {
	};
	objectVersion = 48;
	objects = {

/* Begin PBXBuildFile section */
		1C491EC69529E21B9427E2D6 /* Pods_TenkiTests.framework in Frameworks */ = {isa = PBXBuildFile; fileRef = B2F8480010CEC29AF94CD07D /* Pods_TenkiTests.framework */; };
		1D55925E7DD133050D20EFE4 /* Pods_TenkiUITests.framework in Frameworks */ = {isa = PBXBuildFile; fileRef = 17461E69AAEB636DF460B0C1 /* Pods_TenkiUITests.framework */; };
		5689689A2058304400F20A27 /* DarkSkyAPI.swift in Sources */ = {isa = PBXBuildFile; fileRef = 568968992058304400F20A27 /* DarkSkyAPI.swift */; };
		5689689C2058309B00F20A27 /* Router.swift in Sources */ = {isa = PBXBuildFile; fileRef = 5689689B2058309B00F20A27 /* Router.swift */; };
		5689689F2058346A00F20A27 /* Forecast.swift in Sources */ = {isa = PBXBuildFile; fileRef = 5689689E2058346A00F20A27 /* Forecast.swift */; };
		568968A820584E3600F20A27 /* Secrets.swift in Sources */ = {isa = PBXBuildFile; fileRef = 568968A720584E3600F20A27 /* Secrets.swift */; };
		56B9013F2053D06200F17718 /* AppDelegate.swift in Sources */ = {isa = PBXBuildFile; fileRef = 56B9013E2053D06200F17718 /* AppDelegate.swift */; };
		56B901432053D06200F17718 /* Assets.xcassets in Resources */ = {isa = PBXBuildFile; fileRef = 56B901422053D06200F17718 /* Assets.xcassets */; };
		56B901462053D06200F17718 /* Main.storyboard in Resources */ = {isa = PBXBuildFile; fileRef = 56B901442053D06200F17718 /* Main.storyboard */; };
		56B901522053D06200F17718 /* TenkiTests.swift in Sources */ = {isa = PBXBuildFile; fileRef = 56B901512053D06200F17718 /* TenkiTests.swift */; };
		56B9015D2053D06200F17718 /* TenkiUITests.swift in Sources */ = {isa = PBXBuildFile; fileRef = 56B9015C2053D06200F17718 /* TenkiUITests.swift */; };
		56DF59FD20597D6900160A0A /* WeatherViewModel.swift in Sources */ = {isa = PBXBuildFile; fileRef = 56DF59FC20597D6900160A0A /* WeatherViewModel.swift */; };
		56DF59FF20597D7100160A0A /* WeatherViewController.swift in Sources */ = {isa = PBXBuildFile; fileRef = 56DF59FE20597D7100160A0A /* WeatherViewController.swift */; };
		5CF1ED63D790E1849A6D6908 /* Pods_Tenki.framework in Frameworks */ = {isa = PBXBuildFile; fileRef = 91BBE4665BA0F6D66C834470 /* Pods_Tenki.framework */; };
/* End PBXBuildFile section */

/* Begin PBXContainerItemProxy section */
		56B9014E2053D06200F17718 /* PBXContainerItemProxy */ = {
			isa = PBXContainerItemProxy;
			containerPortal = 56B901332053D06200F17718 /* Project object */;
			proxyType = 1;
			remoteGlobalIDString = 56B9013A2053D06200F17718;
			remoteInfo = Tenki;
		};
		56B901592053D06200F17718 /* PBXContainerItemProxy */ = {
			isa = PBXContainerItemProxy;
			containerPortal = 56B901332053D06200F17718 /* Project object */;
			proxyType = 1;
			remoteGlobalIDString = 56B9013A2053D06200F17718;
			remoteInfo = Tenki;
		};
/* End PBXContainerItemProxy section */

/* Begin PBXFileReference section */
		01A65D3720D75C4100BD607D /* Pods-TenkiUITests.debug.xcconfig */ = {isa = PBXFileReference; includeInIndex = 1; lastKnownFileType = text.xcconfig; name = "Pods-TenkiUITests.debug.xcconfig"; path = "Pods/Target Support Files/Pods-TenkiUITests/Pods-TenkiUITests.debug.xcconfig"; sourceTree = "<group>"; };
		17461E69AAEB636DF460B0C1 /* Pods_TenkiUITests.framework */ = {isa = PBXFileReference; explicitFileType = wrapper.framework; includeInIndex = 0; path = Pods_TenkiUITests.framework; sourceTree = BUILT_PRODUCTS_DIR; };
		233020F8D0653ADDD216543F /* Pods-TenkiUITests.release.xcconfig */ = {isa = PBXFileReference; includeInIndex = 1; lastKnownFileType = text.xcconfig; name = "Pods-TenkiUITests.release.xcconfig"; path = "Pods/Target Support Files/Pods-TenkiUITests/Pods-TenkiUITests.release.xcconfig"; sourceTree = "<group>"; };
		5130C130C8AD89E1F8E9E719 /* Pods-Tenki.release.xcconfig */ = {isa = PBXFileReference; includeInIndex = 1; lastKnownFileType = text.xcconfig; name = "Pods-Tenki.release.xcconfig"; path = "Pods/Target Support Files/Pods-Tenki/Pods-Tenki.release.xcconfig"; sourceTree = "<group>"; };
		568968992058304400F20A27 /* DarkSkyAPI.swift */ = {isa = PBXFileReference; lastKnownFileType = sourcecode.swift; path = DarkSkyAPI.swift; sourceTree = "<group>"; };
		5689689B2058309B00F20A27 /* Router.swift */ = {isa = PBXFileReference; lastKnownFileType = sourcecode.swift; path = Router.swift; sourceTree = "<group>"; };
		5689689E2058346A00F20A27 /* Forecast.swift */ = {isa = PBXFileReference; lastKnownFileType = sourcecode.swift; path = Forecast.swift; sourceTree = "<group>"; };
		568968A720584E3600F20A27 /* Secrets.swift */ = {isa = PBXFileReference; fileEncoding = 4; lastKnownFileType = sourcecode.swift; name = Secrets.swift; path = Tenki/Configs/Secrets.swift; sourceTree = SOURCE_ROOT; };
		56B9013B2053D06200F17718 /* Tenki.app */ = {isa = PBXFileReference; explicitFileType = wrapper.application; includeInIndex = 0; path = Tenki.app; sourceTree = BUILT_PRODUCTS_DIR; };
		56B9013E2053D06200F17718 /* AppDelegate.swift */ = {isa = PBXFileReference; lastKnownFileType = sourcecode.swift; path = AppDelegate.swift; sourceTree = "<group>"; };
		56B901422053D06200F17718 /* Assets.xcassets */ = {isa = PBXFileReference; lastKnownFileType = folder.assetcatalog; path = Assets.xcassets; sourceTree = "<group>"; };
		56B901452053D06200F17718 /* Base */ = {isa = PBXFileReference; lastKnownFileType = file.storyboard; name = Base; path = Base.lproj/Main.storyboard; sourceTree = "<group>"; };
		56B901472053D06200F17718 /* Info.plist */ = {isa = PBXFileReference; lastKnownFileType = text.plist.xml; path = Info.plist; sourceTree = "<group>"; };
		56B901482053D06200F17718 /* Tenki.entitlements */ = {isa = PBXFileReference; lastKnownFileType = text.plist.entitlements; path = Tenki.entitlements; sourceTree = "<group>"; };
		56B9014D2053D06200F17718 /* TenkiTests.xctest */ = {isa = PBXFileReference; explicitFileType = wrapper.cfbundle; includeInIndex = 0; path = TenkiTests.xctest; sourceTree = BUILT_PRODUCTS_DIR; };
		56B901512053D06200F17718 /* TenkiTests.swift */ = {isa = PBXFileReference; lastKnownFileType = sourcecode.swift; path = TenkiTests.swift; sourceTree = "<group>"; };
		56B901532053D06200F17718 /* Info.plist */ = {isa = PBXFileReference; lastKnownFileType = text.plist.xml; path = Info.plist; sourceTree = "<group>"; };
		56B901582053D06200F17718 /* TenkiUITests.xctest */ = {isa = PBXFileReference; explicitFileType = wrapper.cfbundle; includeInIndex = 0; path = TenkiUITests.xctest; sourceTree = BUILT_PRODUCTS_DIR; };
		56B9015C2053D06200F17718 /* TenkiUITests.swift */ = {isa = PBXFileReference; lastKnownFileType = sourcecode.swift; path = TenkiUITests.swift; sourceTree = "<group>"; };
		56B9015E2053D06200F17718 /* Info.plist */ = {isa = PBXFileReference; lastKnownFileType = text.plist.xml; path = Info.plist; sourceTree = "<group>"; };
		56DF59FC20597D6900160A0A /* WeatherViewModel.swift */ = {isa = PBXFileReference; fileEncoding = 4; lastKnownFileType = sourcecode.swift; path = WeatherViewModel.swift; sourceTree = "<group>"; };
		56DF59FE20597D7100160A0A /* WeatherViewController.swift */ = {isa = PBXFileReference; fileEncoding = 4; lastKnownFileType = sourcecode.swift; path = WeatherViewController.swift; sourceTree = "<group>"; };
		65BD110844D589A9F228918F /* Pods-TenkiTests.debug.xcconfig */ = {isa = PBXFileReference; includeInIndex = 1; lastKnownFileType = text.xcconfig; name = "Pods-TenkiTests.debug.xcconfig"; path = "Pods/Target Support Files/Pods-TenkiTests/Pods-TenkiTests.debug.xcconfig"; sourceTree = "<group>"; };
		6F39D89531973D0B2C206307 /* Pods-Tenki.debug.xcconfig */ = {isa = PBXFileReference; includeInIndex = 1; lastKnownFileType = text.xcconfig; name = "Pods-Tenki.debug.xcconfig"; path = "Pods/Target Support Files/Pods-Tenki/Pods-Tenki.debug.xcconfig"; sourceTree = "<group>"; };
		91BBE4665BA0F6D66C834470 /* Pods_Tenki.framework */ = {isa = PBXFileReference; explicitFileType = wrapper.framework; includeInIndex = 0; path = Pods_Tenki.framework; sourceTree = BUILT_PRODUCTS_DIR; };
		93FE119E3384DEB1D9A89719 /* Pods-TenkiTests.release.xcconfig */ = {isa = PBXFileReference; includeInIndex = 1; lastKnownFileType = text.xcconfig; name = "Pods-TenkiTests.release.xcconfig"; path = "Pods/Target Support Files/Pods-TenkiTests/Pods-TenkiTests.release.xcconfig"; sourceTree = "<group>"; };
		B2F8480010CEC29AF94CD07D /* Pods_TenkiTests.framework */ = {isa = PBXFileReference; explicitFileType = wrapper.framework; includeInIndex = 0; path = Pods_TenkiTests.framework; sourceTree = BUILT_PRODUCTS_DIR; };
/* End PBXFileReference section */

/* Begin PBXFrameworksBuildPhase section */
		56B901382053D06200F17718 /* Frameworks */ = {
			isa = PBXFrameworksBuildPhase;
			buildActionMask = 2147483647;
			files = (
				5CF1ED63D790E1849A6D6908 /* Pods_Tenki.framework in Frameworks */,
			);
			runOnlyForDeploymentPostprocessing = 0;
		};
		56B9014A2053D06200F17718 /* Frameworks */ = {
			isa = PBXFrameworksBuildPhase;
			buildActionMask = 2147483647;
			files = (
				1C491EC69529E21B9427E2D6 /* Pods_TenkiTests.framework in Frameworks */,
			);
			runOnlyForDeploymentPostprocessing = 0;
		};
		56B901552053D06200F17718 /* Frameworks */ = {
			isa = PBXFrameworksBuildPhase;
			buildActionMask = 2147483647;
			files = (
				1D55925E7DD133050D20EFE4 /* Pods_TenkiUITests.framework in Frameworks */,
			);
			runOnlyForDeploymentPostprocessing = 0;
		};
/* End PBXFrameworksBuildPhase section */

/* Begin PBXGroup section */
		568968982058302800F20A27 /* Network */ = {
			isa = PBXGroup;
			children = (
				568968992058304400F20A27 /* DarkSkyAPI.swift */,
				5689689B2058309B00F20A27 /* Router.swift */,
			);
			path = Network;
			sourceTree = "<group>";
		};
		5689689D2058345100F20A27 /* Models */ = {
			isa = PBXGroup;
			children = (
				5689689E2058346A00F20A27 /* Forecast.swift */,
			);
			path = Models;
			sourceTree = "<group>";
		};
		568968A620584E2700F20A27 /* Configs */ = {
			isa = PBXGroup;
			children = (
				568968A720584E3600F20A27 /* Secrets.swift */,
			);
			path = Configs;
			sourceTree = "<group>";
		};
		56B901322053D06200F17718 = {
			isa = PBXGroup;
			children = (
				56B9013D2053D06200F17718 /* Tenki */,
				56B901502053D06200F17718 /* TenkiTests */,
				56B9015B2053D06200F17718 /* TenkiUITests */,
				56B9013C2053D06200F17718 /* Products */,
				FB474BCC8E14C9AB1ED9F70B /* Pods */,
				B75921FA70A05FC29173F5E7 /* Frameworks */,
			);
			sourceTree = "<group>";
		};
		56B9013C2053D06200F17718 /* Products */ = {
			isa = PBXGroup;
			children = (
				56B9013B2053D06200F17718 /* Tenki.app */,
				56B9014D2053D06200F17718 /* TenkiTests.xctest */,
				56B901582053D06200F17718 /* TenkiUITests.xctest */,
			);
			name = Products;
			sourceTree = "<group>";
		};
		56B9013D2053D06200F17718 /* Tenki */ = {
			isa = PBXGroup;
			children = (
				56DF59FB20597D4900160A0A /* Views */,
				56DF59FA20597D3F00160A0A /* Controllers */,
				56DF59F920597D3100160A0A /* ViewModels */,
				568968A620584E2700F20A27 /* Configs */,
				5689689D2058345100F20A27 /* Models */,
				568968982058302800F20A27 /* Network */,
				56B9013E2053D06200F17718 /* AppDelegate.swift */,
				56B901422053D06200F17718 /* Assets.xcassets */,
				56B901442053D06200F17718 /* Main.storyboard */,
				56B901472053D06200F17718 /* Info.plist */,
				56B901482053D06200F17718 /* Tenki.entitlements */,
			);
			path = Tenki;
			sourceTree = "<group>";
		};
		56B901502053D06200F17718 /* TenkiTests */ = {
			isa = PBXGroup;
			children = (
				56B901512053D06200F17718 /* TenkiTests.swift */,
				56B901532053D06200F17718 /* Info.plist */,
			);
			path = TenkiTests;
			sourceTree = "<group>";
		};
		56B9015B2053D06200F17718 /* TenkiUITests */ = {
			isa = PBXGroup;
			children = (
				56B9015C2053D06200F17718 /* TenkiUITests.swift */,
				56B9015E2053D06200F17718 /* Info.plist */,
			);
			path = TenkiUITests;
			sourceTree = "<group>";
		};
		56DF59F920597D3100160A0A /* ViewModels */ = {
			isa = PBXGroup;
			children = (
				56DF59FC20597D6900160A0A /* WeatherViewModel.swift */,
			);
			path = ViewModels;
			sourceTree = "<group>";
		};
		56DF59FA20597D3F00160A0A /* Controllers */ = {
			isa = PBXGroup;
			children = (
				56DF59FE20597D7100160A0A /* WeatherViewController.swift */,
			);
			path = Controllers;
			sourceTree = "<group>";
		};
		56DF59FB20597D4900160A0A /* Views */ = {
			isa = PBXGroup;
			children = (
			);
			path = Views;
			sourceTree = "<group>";
		};
		B75921FA70A05FC29173F5E7 /* Frameworks */ = {
			isa = PBXGroup;
			children = (
				91BBE4665BA0F6D66C834470 /* Pods_Tenki.framework */,
				B2F8480010CEC29AF94CD07D /* Pods_TenkiTests.framework */,
				17461E69AAEB636DF460B0C1 /* Pods_TenkiUITests.framework */,
			);
			name = Frameworks;
			sourceTree = "<group>";
		};
		FB474BCC8E14C9AB1ED9F70B /* Pods */ = {
			isa = PBXGroup;
			children = (
				6F39D89531973D0B2C206307 /* Pods-Tenki.debug.xcconfig */,
				5130C130C8AD89E1F8E9E719 /* Pods-Tenki.release.xcconfig */,
				65BD110844D589A9F228918F /* Pods-TenkiTests.debug.xcconfig */,
				93FE119E3384DEB1D9A89719 /* Pods-TenkiTests.release.xcconfig */,
				01A65D3720D75C4100BD607D /* Pods-TenkiUITests.debug.xcconfig */,
				233020F8D0653ADDD216543F /* Pods-TenkiUITests.release.xcconfig */,
			);
			name = Pods;
			sourceTree = "<group>";
		};
/* End PBXGroup section */

/* Begin PBXNativeTarget section */
		56B9013A2053D06200F17718 /* Tenki */ = {
			isa = PBXNativeTarget;
			buildConfigurationList = 56B901612053D06200F17718 /* Build configuration list for PBXNativeTarget "Tenki" */;
			buildPhases = (
				C97309378372B4DF4AD70715 /* [CP] Check Pods Manifest.lock */,
				56B901372053D06200F17718 /* Sources */,
				56B901382053D06200F17718 /* Frameworks */,
				56B901392053D06200F17718 /* Resources */,
				BE721CF8C6B26889C875B6B4 /* [CP] Embed Pods Frameworks */,
				5FF4805A6F7AA096689A0EAE /* [CP] Copy Pods Resources */,
				568F5F382058E65900686649 /* ShellScript */,
			);
			buildRules = (
			);
			dependencies = (
			);
			name = Tenki;
			productName = Tenki;
			productReference = 56B9013B2053D06200F17718 /* Tenki.app */;
			productType = "com.apple.product-type.application";
		};
		56B9014C2053D06200F17718 /* TenkiTests */ = {
			isa = PBXNativeTarget;
			buildConfigurationList = 56B901642053D06200F17718 /* Build configuration list for PBXNativeTarget "TenkiTests" */;
			buildPhases = (
				AB7A4BABB756D9BBC585D463 /* [CP] Check Pods Manifest.lock */,
				56B901492053D06200F17718 /* Sources */,
				56B9014A2053D06200F17718 /* Frameworks */,
				56B9014B2053D06200F17718 /* Resources */,
				479E142EDCD7E07F52B95CB2 /* [CP] Embed Pods Frameworks */,
				1486EF3E588A99565AC5886D /* [CP] Copy Pods Resources */,
			);
			buildRules = (
			);
			dependencies = (
				56B9014F2053D06200F17718 /* PBXTargetDependency */,
			);
			name = TenkiTests;
			productName = TenkiTests;
			productReference = 56B9014D2053D06200F17718 /* TenkiTests.xctest */;
			productType = "com.apple.product-type.bundle.unit-test";
		};
		56B901572053D06200F17718 /* TenkiUITests */ = {
			isa = PBXNativeTarget;
			buildConfigurationList = 56B901672053D06200F17718 /* Build configuration list for PBXNativeTarget "TenkiUITests" */;
			buildPhases = (
				CE56A775DAC56ABECF447F37 /* [CP] Check Pods Manifest.lock */,
				56B901542053D06200F17718 /* Sources */,
				56B901552053D06200F17718 /* Frameworks */,
				56B901562053D06200F17718 /* Resources */,
				D36F509F2ECAC6F3E18FA873 /* [CP] Embed Pods Frameworks */,
				FA7FDF3567CA1296BC1803C4 /* [CP] Copy Pods Resources */,
			);
			buildRules = (
			);
			dependencies = (
				56B9015A2053D06200F17718 /* PBXTargetDependency */,
			);
			name = TenkiUITests;
			productName = TenkiUITests;
			productReference = 56B901582053D06200F17718 /* TenkiUITests.xctest */;
			productType = "com.apple.product-type.bundle.ui-testing";
		};
/* End PBXNativeTarget section */

/* Begin PBXProject section */
		56B901332053D06200F17718 /* Project object */ = {
			isa = PBXProject;
			attributes = {
				LastSwiftUpdateCheck = 0920;
				LastUpgradeCheck = 0920;
				ORGANIZATIONNAME = "Spiros Gerokostas";
				TargetAttributes = {
					56B9013A2053D06200F17718 = {
						CreatedOnToolsVersion = 9.2;
						ProvisioningStyle = Automatic;
						SystemCapabilities = {
							com.apple.Sandbox = {
								enabled = 0;
							};
						};
					};
					56B9014C2053D06200F17718 = {
						CreatedOnToolsVersion = 9.2;
						ProvisioningStyle = Automatic;
						TestTargetID = 56B9013A2053D06200F17718;
					};
					56B901572053D06200F17718 = {
						CreatedOnToolsVersion = 9.2;
						ProvisioningStyle = Automatic;
						TestTargetID = 56B9013A2053D06200F17718;
					};
				};
			};
			buildConfigurationList = 56B901362053D06200F17718 /* Build configuration list for PBXProject "Tenki" */;
			compatibilityVersion = "Xcode 8.0";
			developmentRegion = en;
			hasScannedForEncodings = 0;
			knownRegions = (
				en,
				Base,
			);
			mainGroup = 56B901322053D06200F17718;
			productRefGroup = 56B9013C2053D06200F17718 /* Products */;
			projectDirPath = "";
			projectRoot = "";
			targets = (
				56B9013A2053D06200F17718 /* Tenki */,
				56B9014C2053D06200F17718 /* TenkiTests */,
				56B901572053D06200F17718 /* TenkiUITests */,
			);
		};
/* End PBXProject section */

/* Begin PBXResourcesBuildPhase section */
		56B901392053D06200F17718 /* Resources */ = {
			isa = PBXResourcesBuildPhase;
			buildActionMask = 2147483647;
			files = (
				56B901432053D06200F17718 /* Assets.xcassets in Resources */,
				56B901462053D06200F17718 /* Main.storyboard in Resources */,
			);
			runOnlyForDeploymentPostprocessing = 0;
		};
		56B9014B2053D06200F17718 /* Resources */ = {
			isa = PBXResourcesBuildPhase;
			buildActionMask = 2147483647;
			files = (
			);
			runOnlyForDeploymentPostprocessing = 0;
		};
		56B901562053D06200F17718 /* Resources */ = {
			isa = PBXResourcesBuildPhase;
			buildActionMask = 2147483647;
			files = (
			);
			runOnlyForDeploymentPostprocessing = 0;
		};
/* End PBXResourcesBuildPhase section */

/* Begin PBXShellScriptBuildPhase section */
		1486EF3E588A99565AC5886D /* [CP] Copy Pods Resources */ = {
			isa = PBXShellScriptBuildPhase;
			buildActionMask = 2147483647;
			files = (
			);
			inputPaths = (
			);
			name = "[CP] Copy Pods Resources";
			outputPaths = (
			);
			runOnlyForDeploymentPostprocessing = 0;
			shellPath = /bin/sh;
			shellScript = "\"${SRCROOT}/Pods/Target Support Files/Pods-TenkiTests/Pods-TenkiTests-resources.sh\"\n";
			showEnvVarsInLog = 0;
		};
		479E142EDCD7E07F52B95CB2 /* [CP] Embed Pods Frameworks */ = {
			isa = PBXShellScriptBuildPhase;
			buildActionMask = 2147483647;
			files = (
			);
			inputPaths = (
			);
			name = "[CP] Embed Pods Frameworks";
			outputPaths = (
			);
			runOnlyForDeploymentPostprocessing = 0;
			shellPath = /bin/sh;
			shellScript = "\"${SRCROOT}/Pods/Target Support Files/Pods-TenkiTests/Pods-TenkiTests-frameworks.sh\"\n";
			showEnvVarsInLog = 0;
		};
		568F5F382058E65900686649 /* ShellScript */ = {
			isa = PBXShellScriptBuildPhase;
			buildActionMask = 2147483647;
			files = (
			);
			inputPaths = (
			);
			outputPaths = (
			);
			runOnlyForDeploymentPostprocessing = 0;
			shellPath = /bin/sh;
			shellScript = "if which swiftlint >/dev/null; then\nswiftlint\nelse\necho \"warning: SwiftLint not installed, download from https://github.com/realm/SwiftLint\"\nfi";
		};
		5FF4805A6F7AA096689A0EAE /* [CP] Copy Pods Resources */ = {
			isa = PBXShellScriptBuildPhase;
			buildActionMask = 2147483647;
			files = (
			);
			inputPaths = (
			);
			name = "[CP] Copy Pods Resources";
			outputPaths = (
			);
			runOnlyForDeploymentPostprocessing = 0;
			shellPath = /bin/sh;
			shellScript = "\"${SRCROOT}/Pods/Target Support Files/Pods-Tenki/Pods-Tenki-resources.sh\"\n";
			showEnvVarsInLog = 0;
		};
		AB7A4BABB756D9BBC585D463 /* [CP] Check Pods Manifest.lock */ = {
			isa = PBXShellScriptBuildPhase;
			buildActionMask = 2147483647;
			files = (
			);
			inputPaths = (
				"${PODS_PODFILE_DIR_PATH}/Podfile.lock",
				"${PODS_ROOT}/Manifest.lock",
			);
			name = "[CP] Check Pods Manifest.lock";
			outputPaths = (
				"$(DERIVED_FILE_DIR)/Pods-TenkiTests-checkManifestLockResult.txt",
			);
			runOnlyForDeploymentPostprocessing = 0;
			shellPath = /bin/sh;
			shellScript = "diff \"${PODS_PODFILE_DIR_PATH}/Podfile.lock\" \"${PODS_ROOT}/Manifest.lock\" > /dev/null\nif [ $? != 0 ] ; then\n    # print error to STDERR\n    echo \"error: The sandbox is not in sync with the Podfile.lock. Run 'pod install' or update your CocoaPods installation.\" >&2\n    exit 1\nfi\n# This output is used by Xcode 'outputs' to avoid re-running this script phase.\necho \"SUCCESS\" > \"${SCRIPT_OUTPUT_FILE_0}\"\n";
			showEnvVarsInLog = 0;
		};
		BE721CF8C6B26889C875B6B4 /* [CP] Embed Pods Frameworks */ = {
			isa = PBXShellScriptBuildPhase;
			buildActionMask = 2147483647;
			files = (
			);
			inputPaths = (
				"${SRCROOT}/Pods/Target Support Files/Pods-Tenki/Pods-Tenki-frameworks.sh",
				"${BUILT_PRODUCTS_DIR}/Alamofire/Alamofire.framework",
				"${BUILT_PRODUCTS_DIR}/RxCocoa/RxCocoa.framework",
				"${BUILT_PRODUCTS_DIR}/RxSwift/RxSwift.framework",
				"${BUILT_PRODUCTS_DIR}/SwiftyBeaver/SwiftyBeaver.framework",
				"${BUILT_PRODUCTS_DIR}/SwiftyJSON/SwiftyJSON.framework",
			);
			name = "[CP] Embed Pods Frameworks";
			outputPaths = (
				"${TARGET_BUILD_DIR}/${FRAMEWORKS_FOLDER_PATH}/Alamofire.framework",
				"${TARGET_BUILD_DIR}/${FRAMEWORKS_FOLDER_PATH}/RxCocoa.framework",
				"${TARGET_BUILD_DIR}/${FRAMEWORKS_FOLDER_PATH}/RxSwift.framework",
				"${TARGET_BUILD_DIR}/${FRAMEWORKS_FOLDER_PATH}/SwiftyBeaver.framework",
				"${TARGET_BUILD_DIR}/${FRAMEWORKS_FOLDER_PATH}/SwiftyJSON.framework",
			);
			runOnlyForDeploymentPostprocessing = 0;
			shellPath = /bin/sh;
			shellScript = "\"${SRCROOT}/Pods/Target Support Files/Pods-Tenki/Pods-Tenki-frameworks.sh\"\n";
			showEnvVarsInLog = 0;
		};
		C97309378372B4DF4AD70715 /* [CP] Check Pods Manifest.lock */ = {
			isa = PBXShellScriptBuildPhase;
			buildActionMask = 2147483647;
			files = (
			);
			inputPaths = (
				"${PODS_PODFILE_DIR_PATH}/Podfile.lock",
				"${PODS_ROOT}/Manifest.lock",
			);
			name = "[CP] Check Pods Manifest.lock";
			outputPaths = (
				"$(DERIVED_FILE_DIR)/Pods-Tenki-checkManifestLockResult.txt",
			);
			runOnlyForDeploymentPostprocessing = 0;
			shellPath = /bin/sh;
			shellScript = "diff \"${PODS_PODFILE_DIR_PATH}/Podfile.lock\" \"${PODS_ROOT}/Manifest.lock\" > /dev/null\nif [ $? != 0 ] ; then\n    # print error to STDERR\n    echo \"error: The sandbox is not in sync with the Podfile.lock. Run 'pod install' or update your CocoaPods installation.\" >&2\n    exit 1\nfi\n# This output is used by Xcode 'outputs' to avoid re-running this script phase.\necho \"SUCCESS\" > \"${SCRIPT_OUTPUT_FILE_0}\"\n";
			showEnvVarsInLog = 0;
		};
		CE56A775DAC56ABECF447F37 /* [CP] Check Pods Manifest.lock */ = {
			isa = PBXShellScriptBuildPhase;
			buildActionMask = 2147483647;
			files = (
			);
			inputPaths = (
				"${PODS_PODFILE_DIR_PATH}/Podfile.lock",
				"${PODS_ROOT}/Manifest.lock",
			);
			name = "[CP] Check Pods Manifest.lock";
			outputPaths = (
				"$(DERIVED_FILE_DIR)/Pods-TenkiUITests-checkManifestLockResult.txt",
			);
			runOnlyForDeploymentPostprocessing = 0;
			shellPath = /bin/sh;
			shellScript = "diff \"${PODS_PODFILE_DIR_PATH}/Podfile.lock\" \"${PODS_ROOT}/Manifest.lock\" > /dev/null\nif [ $? != 0 ] ; then\n    # print error to STDERR\n    echo \"error: The sandbox is not in sync with the Podfile.lock. Run 'pod install' or update your CocoaPods installation.\" >&2\n    exit 1\nfi\n# This output is used by Xcode 'outputs' to avoid re-running this script phase.\necho \"SUCCESS\" > \"${SCRIPT_OUTPUT_FILE_0}\"\n";
			showEnvVarsInLog = 0;
		};
		D36F509F2ECAC6F3E18FA873 /* [CP] Embed Pods Frameworks */ = {
			isa = PBXShellScriptBuildPhase;
			buildActionMask = 2147483647;
			files = (
			);
			inputPaths = (
			);
			name = "[CP] Embed Pods Frameworks";
			outputPaths = (
			);
			runOnlyForDeploymentPostprocessing = 0;
			shellPath = /bin/sh;
			shellScript = "\"${SRCROOT}/Pods/Target Support Files/Pods-TenkiUITests/Pods-TenkiUITests-frameworks.sh\"\n";
			showEnvVarsInLog = 0;
		};
		FA7FDF3567CA1296BC1803C4 /* [CP] Copy Pods Resources */ = {
			isa = PBXShellScriptBuildPhase;
			buildActionMask = 2147483647;
			files = (
			);
			inputPaths = (
			);
			name = "[CP] Copy Pods Resources";
			outputPaths = (
			);
			runOnlyForDeploymentPostprocessing = 0;
			shellPath = /bin/sh;
			shellScript = "\"${SRCROOT}/Pods/Target Support Files/Pods-TenkiUITests/Pods-TenkiUITests-resources.sh\"\n";
			showEnvVarsInLog = 0;
		};
/* End PBXShellScriptBuildPhase section */

/* Begin PBXSourcesBuildPhase section */
		56B901372053D06200F17718 /* Sources */ = {
			isa = PBXSourcesBuildPhase;
			buildActionMask = 2147483647;
			files = (
				5689689C2058309B00F20A27 /* Router.swift in Sources */,
				56DF59FD20597D6900160A0A /* WeatherViewModel.swift in Sources */,
				568968A820584E3600F20A27 /* Secrets.swift in Sources */,
				5689689A2058304400F20A27 /* DarkSkyAPI.swift in Sources */,
				56DF59FF20597D7100160A0A /* WeatherViewController.swift in Sources */,
				56B9013F2053D06200F17718 /* AppDelegate.swift in Sources */,
				5689689F2058346A00F20A27 /* Forecast.swift in Sources */,
			);
			runOnlyForDeploymentPostprocessing = 0;
		};
		56B901492053D06200F17718 /* Sources */ = {
			isa = PBXSourcesBuildPhase;
			buildActionMask = 2147483647;
			files = (
				56B901522053D06200F17718 /* TenkiTests.swift in Sources */,
			);
			runOnlyForDeploymentPostprocessing = 0;
		};
		56B901542053D06200F17718 /* Sources */ = {
			isa = PBXSourcesBuildPhase;
			buildActionMask = 2147483647;
			files = (
				56B9015D2053D06200F17718 /* TenkiUITests.swift in Sources */,
			);
			runOnlyForDeploymentPostprocessing = 0;
		};
/* End PBXSourcesBuildPhase section */

/* Begin PBXTargetDependency section */
		56B9014F2053D06200F17718 /* PBXTargetDependency */ = {
			isa = PBXTargetDependency;
			target = 56B9013A2053D06200F17718 /* Tenki */;
			targetProxy = 56B9014E2053D06200F17718 /* PBXContainerItemProxy */;
		};
		56B9015A2053D06200F17718 /* PBXTargetDependency */ = {
			isa = PBXTargetDependency;
			target = 56B9013A2053D06200F17718 /* Tenki */;
			targetProxy = 56B901592053D06200F17718 /* PBXContainerItemProxy */;
		};
/* End PBXTargetDependency section */

/* Begin PBXVariantGroup section */
		56B901442053D06200F17718 /* Main.storyboard */ = {
			isa = PBXVariantGroup;
			children = (
				56B901452053D06200F17718 /* Base */,
			);
			name = Main.storyboard;
			sourceTree = "<group>";
		};
/* End PBXVariantGroup section */

/* Begin XCBuildConfiguration section */
		56B9015F2053D06200F17718 /* Debug */ = {
			isa = XCBuildConfiguration;
			buildSettings = {
				ALWAYS_SEARCH_USER_PATHS = NO;
				CLANG_ANALYZER_NONNULL = YES;
				CLANG_ANALYZER_NUMBER_OBJECT_CONVERSION = YES_AGGRESSIVE;
				CLANG_CXX_LANGUAGE_STANDARD = "gnu++14";
				CLANG_CXX_LIBRARY = "libc++";
				CLANG_ENABLE_MODULES = YES;
				CLANG_ENABLE_OBJC_ARC = YES;
				CLANG_WARN_BLOCK_CAPTURE_AUTORELEASING = YES;
				CLANG_WARN_BOOL_CONVERSION = YES;
				CLANG_WARN_COMMA = YES;
				CLANG_WARN_CONSTANT_CONVERSION = YES;
				CLANG_WARN_DIRECT_OBJC_ISA_USAGE = YES_ERROR;
				CLANG_WARN_DOCUMENTATION_COMMENTS = YES;
				CLANG_WARN_EMPTY_BODY = YES;
				CLANG_WARN_ENUM_CONVERSION = YES;
				CLANG_WARN_INFINITE_RECURSION = YES;
				CLANG_WARN_INT_CONVERSION = YES;
				CLANG_WARN_NON_LITERAL_NULL_CONVERSION = YES;
				CLANG_WARN_OBJC_LITERAL_CONVERSION = YES;
				CLANG_WARN_OBJC_ROOT_CLASS = YES_ERROR;
				CLANG_WARN_RANGE_LOOP_ANALYSIS = YES;
				CLANG_WARN_STRICT_PROTOTYPES = YES;
				CLANG_WARN_SUSPICIOUS_MOVE = YES;
				CLANG_WARN_UNGUARDED_AVAILABILITY = YES_AGGRESSIVE;
				CLANG_WARN_UNREACHABLE_CODE = YES;
				CLANG_WARN__DUPLICATE_METHOD_MATCH = YES;
				CODE_SIGN_IDENTITY = "Mac Developer";
				COPY_PHASE_STRIP = NO;
				DEBUG_INFORMATION_FORMAT = dwarf;
				ENABLE_STRICT_OBJC_MSGSEND = YES;
				ENABLE_TESTABILITY = YES;
				GCC_C_LANGUAGE_STANDARD = gnu11;
				GCC_DYNAMIC_NO_PIC = NO;
				GCC_NO_COMMON_BLOCKS = YES;
				GCC_OPTIMIZATION_LEVEL = 0;
				GCC_PREPROCESSOR_DEFINITIONS = (
					"DEBUG=1",
					"$(inherited)",
				);
				GCC_WARN_64_TO_32_BIT_CONVERSION = YES;
				GCC_WARN_ABOUT_RETURN_TYPE = YES_ERROR;
				GCC_WARN_UNDECLARED_SELECTOR = YES;
				GCC_WARN_UNINITIALIZED_AUTOS = YES_AGGRESSIVE;
				GCC_WARN_UNUSED_FUNCTION = YES;
				GCC_WARN_UNUSED_VARIABLE = YES;
				MACOSX_DEPLOYMENT_TARGET = 10.13;
				MTL_ENABLE_DEBUG_INFO = YES;
				ONLY_ACTIVE_ARCH = YES;
				SDKROOT = macosx;
				SWIFT_ACTIVE_COMPILATION_CONDITIONS = DEBUG;
				SWIFT_OPTIMIZATION_LEVEL = "-Onone";
			};
			name = Debug;
		};
		56B901602053D06200F17718 /* Release */ = {
			isa = XCBuildConfiguration;
			buildSettings = {
				ALWAYS_SEARCH_USER_PATHS = NO;
				CLANG_ANALYZER_NONNULL = YES;
				CLANG_ANALYZER_NUMBER_OBJECT_CONVERSION = YES_AGGRESSIVE;
				CLANG_CXX_LANGUAGE_STANDARD = "gnu++14";
				CLANG_CXX_LIBRARY = "libc++";
				CLANG_ENABLE_MODULES = YES;
				CLANG_ENABLE_OBJC_ARC = YES;
				CLANG_WARN_BLOCK_CAPTURE_AUTORELEASING = YES;
				CLANG_WARN_BOOL_CONVERSION = YES;
				CLANG_WARN_COMMA = YES;
				CLANG_WARN_CONSTANT_CONVERSION = YES;
				CLANG_WARN_DIRECT_OBJC_ISA_USAGE = YES_ERROR;
				CLANG_WARN_DOCUMENTATION_COMMENTS = YES;
				CLANG_WARN_EMPTY_BODY = YES;
				CLANG_WARN_ENUM_CONVERSION = YES;
				CLANG_WARN_INFINITE_RECURSION = YES;
				CLANG_WARN_INT_CONVERSION = YES;
				CLANG_WARN_NON_LITERAL_NULL_CONVERSION = YES;
				CLANG_WARN_OBJC_LITERAL_CONVERSION = YES;
				CLANG_WARN_OBJC_ROOT_CLASS = YES_ERROR;
				CLANG_WARN_RANGE_LOOP_ANALYSIS = YES;
				CLANG_WARN_STRICT_PROTOTYPES = YES;
				CLANG_WARN_SUSPICIOUS_MOVE = YES;
				CLANG_WARN_UNGUARDED_AVAILABILITY = YES_AGGRESSIVE;
				CLANG_WARN_UNREACHABLE_CODE = YES;
				CLANG_WARN__DUPLICATE_METHOD_MATCH = YES;
				CODE_SIGN_IDENTITY = "Mac Developer";
				COPY_PHASE_STRIP = NO;
				DEBUG_INFORMATION_FORMAT = "dwarf-with-dsym";
				ENABLE_NS_ASSERTIONS = NO;
				ENABLE_STRICT_OBJC_MSGSEND = YES;
				GCC_C_LANGUAGE_STANDARD = gnu11;
				GCC_NO_COMMON_BLOCKS = YES;
				GCC_WARN_64_TO_32_BIT_CONVERSION = YES;
				GCC_WARN_ABOUT_RETURN_TYPE = YES_ERROR;
				GCC_WARN_UNDECLARED_SELECTOR = YES;
				GCC_WARN_UNINITIALIZED_AUTOS = YES_AGGRESSIVE;
				GCC_WARN_UNUSED_FUNCTION = YES;
				GCC_WARN_UNUSED_VARIABLE = YES;
				MACOSX_DEPLOYMENT_TARGET = 10.13;
				MTL_ENABLE_DEBUG_INFO = NO;
				SDKROOT = macosx;
				SWIFT_OPTIMIZATION_LEVEL = "-Owholemodule";
			};
			name = Release;
		};
		56B901622053D06200F17718 /* Debug */ = {
			isa = XCBuildConfiguration;
			baseConfigurationReference = 6F39D89531973D0B2C206307 /* Pods-Tenki.debug.xcconfig */;
			buildSettings = {
				ASSETCATALOG_COMPILER_APPICON_NAME = AppIcon;
				CODE_SIGN_STYLE = Automatic;
				COMBINE_HIDPI_IMAGES = YES;
				DEVELOPMENT_TEAM = A22EW7MN8G;
				INFOPLIST_FILE = Tenki/Info.plist;
				LD_RUNPATH_SEARCH_PATHS = "$(inherited) @executable_path/../Frameworks";
				PRODUCT_BUNDLE_IDENTIFIER = com.spirosgerokostas.Tenki;
				PRODUCT_NAME = "$(TARGET_NAME)";
				SWIFT_VERSION = 4.0;
			};
			name = Debug;
		};
		56B901632053D06200F17718 /* Release */ = {
			isa = XCBuildConfiguration;
			baseConfigurationReference = 5130C130C8AD89E1F8E9E719 /* Pods-Tenki.release.xcconfig */;
			buildSettings = {
				ASSETCATALOG_COMPILER_APPICON_NAME = AppIcon;
				CODE_SIGN_STYLE = Automatic;
				COMBINE_HIDPI_IMAGES = YES;
				DEVELOPMENT_TEAM = A22EW7MN8G;
				INFOPLIST_FILE = Tenki/Info.plist;
				LD_RUNPATH_SEARCH_PATHS = "$(inherited) @executable_path/../Frameworks";
				PRODUCT_BUNDLE_IDENTIFIER = com.spirosgerokostas.Tenki;
				PRODUCT_NAME = "$(TARGET_NAME)";
				SWIFT_VERSION = 4.0;
			};
			name = Release;
		};
		56B901652053D06200F17718 /* Debug */ = {
			isa = XCBuildConfiguration;
			baseConfigurationReference = 65BD110844D589A9F228918F /* Pods-TenkiTests.debug.xcconfig */;
			buildSettings = {
				ALWAYS_EMBED_SWIFT_STANDARD_LIBRARIES = YES;
				BUNDLE_LOADER = "$(TEST_HOST)";
				CODE_SIGN_STYLE = Automatic;
				COMBINE_HIDPI_IMAGES = YES;
				DEVELOPMENT_TEAM = A22EW7MN8G;
				INFOPLIST_FILE = TenkiTests/Info.plist;
				LD_RUNPATH_SEARCH_PATHS = "$(inherited) @executable_path/../Frameworks @loader_path/../Frameworks";
				PRODUCT_BUNDLE_IDENTIFIER = com.spirosgerokostas.TenkiTests;
				PRODUCT_NAME = "$(TARGET_NAME)";
				SWIFT_VERSION = 4.0;
				TEST_HOST = "$(BUILT_PRODUCTS_DIR)/Tenki.app/Contents/MacOS/Tenki";
			};
			name = Debug;
		};
		56B901662053D06200F17718 /* Release */ = {
			isa = XCBuildConfiguration;
			baseConfigurationReference = 93FE119E3384DEB1D9A89719 /* Pods-TenkiTests.release.xcconfig */;
			buildSettings = {
				ALWAYS_EMBED_SWIFT_STANDARD_LIBRARIES = YES;
				BUNDLE_LOADER = "$(TEST_HOST)";
				CODE_SIGN_STYLE = Automatic;
				COMBINE_HIDPI_IMAGES = YES;
				DEVELOPMENT_TEAM = A22EW7MN8G;
				INFOPLIST_FILE = TenkiTests/Info.plist;
				LD_RUNPATH_SEARCH_PATHS = "$(inherited) @executable_path/../Frameworks @loader_path/../Frameworks";
				PRODUCT_BUNDLE_IDENTIFIER = com.spirosgerokostas.TenkiTests;
				PRODUCT_NAME = "$(TARGET_NAME)";
				SWIFT_VERSION = 4.0;
				TEST_HOST = "$(BUILT_PRODUCTS_DIR)/Tenki.app/Contents/MacOS/Tenki";
			};
			name = Release;
		};
		56B901682053D06200F17718 /* Debug */ = {
			isa = XCBuildConfiguration;
			baseConfigurationReference = 01A65D3720D75C4100BD607D /* Pods-TenkiUITests.debug.xcconfig */;
			buildSettings = {
				ALWAYS_EMBED_SWIFT_STANDARD_LIBRARIES = YES;
				CODE_SIGN_STYLE = Automatic;
				COMBINE_HIDPI_IMAGES = YES;
				DEVELOPMENT_TEAM = A22EW7MN8G;
				INFOPLIST_FILE = TenkiUITests/Info.plist;
				LD_RUNPATH_SEARCH_PATHS = "$(inherited) @executable_path/../Frameworks @loader_path/../Frameworks";
				PRODUCT_BUNDLE_IDENTIFIER = com.spirosgerokostas.TenkiUITests;
				PRODUCT_NAME = "$(TARGET_NAME)";
				SWIFT_VERSION = 4.0;
				TEST_TARGET_NAME = Tenki;
			};
			name = Debug;
		};
		56B901692053D06200F17718 /* Release */ = {
			isa = XCBuildConfiguration;
			baseConfigurationReference = 233020F8D0653ADDD216543F /* Pods-TenkiUITests.release.xcconfig */;
			buildSettings = {
				ALWAYS_EMBED_SWIFT_STANDARD_LIBRARIES = YES;
				CODE_SIGN_STYLE = Automatic;
				COMBINE_HIDPI_IMAGES = YES;
				DEVELOPMENT_TEAM = A22EW7MN8G;
				INFOPLIST_FILE = TenkiUITests/Info.plist;
				LD_RUNPATH_SEARCH_PATHS = "$(inherited) @executable_path/../Frameworks @loader_path/../Frameworks";
				PRODUCT_BUNDLE_IDENTIFIER = com.spirosgerokostas.TenkiUITests;
				PRODUCT_NAME = "$(TARGET_NAME)";
				SWIFT_VERSION = 4.0;
				TEST_TARGET_NAME = Tenki;
			};
			name = Release;
		};
/* End XCBuildConfiguration section */

/* Begin XCConfigurationList section */
		56B901362053D06200F17718 /* Build configuration list for PBXProject "Tenki" */ = {
			isa = XCConfigurationList;
			buildConfigurations = (
				56B9015F2053D06200F17718 /* Debug */,
				56B901602053D06200F17718 /* Release */,
			);
			defaultConfigurationIsVisible = 0;
			defaultConfigurationName = Release;
		};
		56B901612053D06200F17718 /* Build configuration list for PBXNativeTarget "Tenki" */ = {
			isa = XCConfigurationList;
			buildConfigurations = (
				56B901622053D06200F17718 /* Debug */,
				56B901632053D06200F17718 /* Release */,
			);
			defaultConfigurationIsVisible = 0;
			defaultConfigurationName = Release;
		};
		56B901642053D06200F17718 /* Build configuration list for PBXNativeTarget "TenkiTests" */ = {
			isa = XCConfigurationList;
			buildConfigurations = (
				56B901652053D06200F17718 /* Debug */,
				56B901662053D06200F17718 /* Release */,
			);
			defaultConfigurationIsVisible = 0;
			defaultConfigurationName = Release;
		};
		56B901672053D06200F17718 /* Build configuration list for PBXNativeTarget "TenkiUITests" */ = {
			isa = XCConfigurationList;
			buildConfigurations = (
				56B901682053D06200F17718 /* Debug */,
				56B901692053D06200F17718 /* Release */,
			);
			defaultConfigurationIsVisible = 0;
			defaultConfigurationName = Release;
		};
/* End XCConfigurationList section */
	};
	rootObject = 56B901332053D06200F17718 /* Project object */;
}
